
Microsoft Visual Studio Solution File, Format Version 12.00
# Visual Studio 2013
VisualStudioVersion = 12.0.31101.0
MinimumVisualStudioVersion = 10.0.40219.1
Project("{8BC9CEB8-8B4A-11D0-8D11-00A0C91BC942}") = "glEngine", "glEngine\glEngine.vcxproj", "{67D579FB-B402-427B-8A73-4E5BDA1DEABE}"
EndProject
Project("{8BC9CEB8-8B4A-11D0-8D11-00A0C91BC942}") = "GameFaculties", "GameFaculties\GameFaculties.vcxproj", "{B8546C0A-2141-43A3-ABD7-049AA6CB0BE9}"
EndProject
Project("{8BC9CEB8-8B4A-11D0-8D11-00A0C91BC942}") = "GameFramework", "GameFramework\GameFramework.vcxproj", "{6DE9AF2B-3350-4117-BE9F-A044BAD200DD}"
	ProjectSection(ProjectDependencies) = postProject
		{B8546C0A-2141-43A3-ABD7-049AA6CB0BE9} = {B8546C0A-2141-43A3-ABD7-049AA6CB0BE9}
		{67D579FB-B402-427B-8A73-4E5BDA1DEABE} = {67D579FB-B402-427B-8A73-4E5BDA1DEABE}
	EndProjectSection
EndProject
Project("{8BC9CEB8-8B4A-11D0-8D11-00A0C91BC942}") = "Test", "Test\Test.vcxproj", "{04280AF5-0980-4910-AA13-5551A8584628}"
	ProjectSection(ProjectDependencies) = postProject
		{B8546C0A-2141-43A3-ABD7-049AA6CB0BE9} = {B8546C0A-2141-43A3-ABD7-049AA6CB0BE9}
		{6DE9AF2B-3350-4117-BE9F-A044BAD200DD} = {6DE9AF2B-3350-4117-BE9F-A044BAD200DD}
		{67D579FB-B402-427B-8A73-4E5BDA1DEABE} = {67D579FB-B402-427B-8A73-4E5BDA1DEABE}
	EndProjectSection
EndProject
Global
	GlobalSection(SolutionConfigurationPlatforms) = preSolution
		Debug|Win32 = Debug|Win32
		Release|Win32 = Release|Win32
	EndGlobalSection
	GlobalSection(ProjectConfigurationPlatforms) = postSolution
		{67D579FB-B402-427B-8A73-4E5BDA1DEABE}.Debug|Win32.ActiveCfg = Debug|Win32
		{67D579FB-B402-427B-8A73-4E5BDA1DEABE}.Debug|Win32.Build.0 = Debug|Win32
		{67D579FB-B402-427B-8A73-4E5BDA1DEABE}.Release|Win32.ActiveCfg = Release|Win32
		{67D579FB-B402-427B-8A73-4E5BDA1DEABE}.Release|Win32.Build.0 = Release|Win32
		{B8546C0A-2141-43A3-ABD7-049AA6CB0BE9}.Debug|Win32.ActiveCfg = Debug|Win32
		{B8546C0A-2141-43A3-ABD7-049AA6CB0BE9}.Debug|Win32.Build.0 = Debug|Win32
		{B8546C0A-2141-43A3-ABD7-049AA6CB0BE9}.Release|Win32.ActiveCfg = Release|Win32
		{B8546C0A-2141-43A3-ABD7-049AA6CB0BE9}.Release|Win32.Build.0 = Release|Win32
		{6DE9AF2B-3350-4117-BE9F-A044BAD200DD}.Debug|Win32.ActiveCfg = Debug|Win32
		{6DE9AF2B-3350-4117-BE9F-A044BAD200DD}.Debug|Win32.Build.0 = Debug|Win32
		{6DE9AF2B-3350-4117-BE9F-A044BAD200DD}.Release|Win32.ActiveCfg = Release|Win32
		{6DE9AF2B-3350-4117-BE9F-A044BAD200DD}.Release|Win32.Build.0 = Release|Win32
		{04280AF5-0980-4910-AA13-5551A8584628}.Debug|Win32.ActiveCfg = Debug|Win32
		{04280AF5-0980-4910-AA13-5551A8584628}.Debug|Win32.Build.0 = Debug|Win32
		{04280AF5-0980-4910-AA13-5551A8584628}.Release|Win32.ActiveCfg = Release|Win32
		{04280AF5-0980-4910-AA13-5551A8584628}.Release|Win32.Build.0 = Release|Win32
	EndGlobalSection
	GlobalSection(SolutionProperties) = preSolution
		HideSolutionNode = FALSE
	EndGlobalSection
EndGlobal
