<?xml version="1.0" encoding="utf-8"?>
<Project ToolsVersion="4.0" xmlns="http://schemas.microsoft.com/developer/msbuild/2003">
  <ItemGroup>
    <Filter Include="Source Files">
      <UniqueIdentifier>{4FC737F1-C7A5-4376-A066-2A32D752A2FF}</UniqueIdentifier>
      <Extensions>cpp;c;cc;cxx;def;odl;idl;hpj;bat;asm;asmx</Extensions>
    </Filter>
    <Filter Include="Header Files">
      <UniqueIdentifier>{93995380-89BD-4b04-88EB-625FBE52EBFB}</UniqueIdentifier>
      <Extensions>h;hh;hpp;hxx;hm;inl;inc;xsd</Extensions>
    </Filter>
    <Filter Include="Resource Files">
      <UniqueIdentifier>{67DA6AB6-F800-4c08-8B7A-83BB121AAD01}</UniqueIdentifier>
      <Extensions>rc;ico;cur;bmp;dlg;rc2;rct;bin;rgs;gif;jpg;jpeg;jpe;resx;tiff;tif;png;wav;mfcribbon-ms</Extensions>
    </Filter>
    <Filter Include="Header Files\Game Faculties">
      <UniqueIdentifier>{b2a839c5-5221-4522-b080-560ddb028a82}</UniqueIdentifier>
    </Filter>
    <Filter Include="Source Files\Game Faculties">
      <UniqueIdentifier>{99ca4e0b-682d-411d-a9c0-687a5f1cf6d3}</UniqueIdentifier>
    </Filter>
  </ItemGroup>
  <ItemGroup>
    <ClInclude Include="..\..\..\GF\game_faculties.h">
      <Filter>Header Files</Filter>
    </ClInclude>
    <ClInclude Include="..\..\..\GF\Game_Faculties\AssetAbstract.h">
      <Filter>Header Files\Game Faculties</Filter>
    </ClInclude>
    <ClInclude Include="..\..\..\GF\Game_Faculties\AssetMgr.h">
      <Filter>Header Files\Game Faculties</Filter>
    </ClInclude>
    <ClInclude Include="..\..\..\GF\Game_Faculties\Factory.h">
      <Filter>Header Files\Game Faculties</Filter>
    </ClInclude>
    <ClInclude Include="..\..\..\GF\Game_Faculties\File_Mgr.h">
      <Filter>Header Files\Game Faculties</Filter>
    </ClInclude>
    <ClInclude Include="..\..\..\GF\Game_Faculties\InterAccess.h">
      <Filter>Header Files\Game Faculties</Filter>
    </ClInclude>
    <ClInclude Include="..\..\..\GF\Game_Faculties\Loader.h">
      <Filter>Header Files\Game Faculties</Filter>
    </ClInclude>
    <ClInclude Include="..\..\..\GF\Game_Faculties\Pool.h">
      <Filter>Header Files\Game Faculties</Filter>
    </ClInclude>
    <ClInclude Include="..\..\..\GF\Game_Faculties\STL.h">
      <Filter>Header Files\Game Faculties</Filter>
    </ClInclude>
    <ClInclude Include="..\..\..\GF\Game_Faculties\Storage.h">
      <Filter>Header Files\Game Faculties</Filter>
    </ClInclude>
    <ClInclude Include="..\..\..\GFX\OpenGL_Headers.h">
      <Filter>Header Files</Filter>
    </ClInclude>
  </ItemGroup>
  <ItemGroup>
    <ClCompile Include="..\..\..\GF\Game_Faculties\src\AssetMgr.cpp">
      <Filter>Source Files\Game Faculties</Filter>
    </ClCompile>
    <ClCompile Include="..\..\..\GF\Game_Faculties\src\File_Mgr.cpp">
      <Filter>Source Files\Game Faculties</Filter>
    </ClCompile>
    <ClCompile Include="..\..\..\GF\Game_Faculties\src\InterAccess.cpp">
      <Filter>Source Files\Game Faculties</Filter>
    </ClCompile>
    <ClCompile Include="..\..\..\GF\Game_Faculties\src\Loader.cpp">
      <Filter>Source Files\Game Faculties</Filter>
    </ClCompile>
    <ClCompile Include="..\..\..\GF\Game_Faculties\src\Pool.cpp">
      <Filter>Source Files\Game Faculties</Filter>
    </ClCompile>
    <ClCompile Include="..\..\..\GF\Game_Faculties\src\Storage.cpp">
      <Filter>Source Files\Game Faculties</Filter>
    </ClCompile>
  </ItemGroup>
</Project>