<?xml version="1.0" encoding="utf-8"?>
<Project ToolsVersion="4.0" xmlns="http://schemas.microsoft.com/developer/msbuild/2003">
  <ItemGroup>
    <Filter Include="Source Files">
      <UniqueIdentifier>{4FC737F1-C7A5-4376-A066-2A32D752A2FF}</UniqueIdentifier>
      <Extensions>cpp;c;cc;cxx;def;odl;idl;hpj;bat;asm;asmx</Extensions>
    </Filter>
    <Filter Include="Header Files">
      <UniqueIdentifier>{93995380-89BD-4b04-88EB-625FBE52EBFB}</UniqueIdentifier>
      <Extensions>h;hh;hpp;hxx;hm;inl;inc;xsd</Extensions>
    </Filter>
    <Filter Include="Resource Files">
      <UniqueIdentifier>{67DA6AB6-F800-4c08-8B7A-83BB121AAD01}</UniqueIdentifier>
      <Extensions>rc;ico;cur;bmp;dlg;rc2;rct;bin;rgs;gif;jpg;jpeg;jpe;resx;tiff;tif;png;wav;mfcribbon-ms</Extensions>
    </Filter>
    <Filter Include="Source Files\Input">
      <UniqueIdentifier>{a6c787c9-7224-4aa1-bf58-93398e36c641}</UniqueIdentifier>
    </Filter>
    <Filter Include="Header Files\Input">
      <UniqueIdentifier>{955d53a2-6091-4289-85fd-bd0155ce6e39}</UniqueIdentifier>
    </Filter>
  </ItemGroup>
  <ItemGroup>
    <ClInclude Include="..\..\..\cheryl-engine\GameFramework\Input\InputBinding.h">
      <Filter>Header Files\Input</Filter>
    </ClInclude>
    <ClInclude Include="..\..\..\cheryl-engine\GameFramework\Input\InputContext.h">
      <Filter>Header Files\Input</Filter>
    </ClInclude>
    <ClInclude Include="..\..\..\cheryl-engine\GameFramework\Input\InputMapper.h">
      <Filter>Header Files\Input</Filter>
    </ClInclude>
    <ClInclude Include="..\..\..\cheryl-engine\GameFramework\Input\InputState.h">
      <Filter>Header Files\Input</Filter>
    </ClInclude>
    <ClInclude Include="..\..\..\cheryl-engine\GameFramework\Input\InputState_SteamController.h">
      <Filter>Header Files\Input</Filter>
    </ClInclude>
    <ClInclude Include="..\..\..\cheryl-engine\GameFramework\Input\InputSystem.h">
      <Filter>Header Files\Input</Filter>
    </ClInclude>
    <ClInclude Include="..\..\..\cheryl-engine\GameFramework\ControlModule.h">
      <Filter>Header Files</Filter>
    </ClInclude>
    <ClInclude Include="..\..\..\cheryl-engine\GameFramework\GameFramework.h">
      <Filter>Header Files</Filter>
    </ClInclude>
    <ClInclude Include="..\..\..\cheryl-engine\GameFramework\GameModule.h">
      <Filter>Header Files</Filter>
    </ClInclude>
  </ItemGroup>
  <ItemGroup>
    <ClCompile Include="..\..\..\cheryl-engine\GameFramework\Input\src\InputBinding.cpp">
      <Filter>Source Files\Input</Filter>
    </ClCompile>
    <ClCompile Include="..\..\..\cheryl-engine\GameFramework\Input\src\InputContext.cpp">
      <Filter>Source Files\Input</Filter>
    </ClCompile>
    <ClCompile Include="..\..\..\cheryl-engine\GameFramework\Input\src\InputMapper.cpp">
      <Filter>Source Files\Input</Filter>
    </ClCompile>
    <ClCompile Include="..\..\..\cheryl-engine\GameFramework\Input\src\InputState_SteamController.cpp">
      <Filter>Source Files\Input</Filter>
    </ClCompile>
    <ClCompile Include="..\..\..\cheryl-engine\GameFramework\Input\src\InputSystem.cpp">
      <Filter>Source Files\Input</Filter>
    </ClCompile>
    <ClCompile Include="..\..\..\cheryl-engine\GameFramework\src\ControlModule.cpp">
      <Filter>Source Files</Filter>
    </ClCompile>
    <ClCompile Include="..\..\..\cheryl-engine\GameFramework\src\GameFramework.cpp">
      <Filter>Source Files</Filter>
    </ClCompile>
  </ItemGroup>
</Project>